// !$*UTF8*$!
{
	archiveVersion = 1;
	classes = {
	};
	objectVersion = 48;
	objects = {

/* Begin PBXBuildFile section */
		9A9F46381FC9B694000E91B5 /* NSTAuthenticationViewController.swift in Sources */ = {isa = PBXBuildFile; fileRef = 9A9F46371FC9B694000E91B5 /* NSTAuthenticationViewController.swift */; };
		9A9F463B1FC9B6B2000E91B5 /* WebKit.framework in Frameworks */ = {isa = PBXBuildFile; fileRef = 9A9F463A1FC9B6B2000E91B5 /* WebKit.framework */; };
		9A9F463E1FC9B8AA000E91B5 /* Constants.swift in Sources */ = {isa = PBXBuildFile; fileRef = 9A9F463D1FC9B8AA000E91B5 /* Constants.swift */; };
		9A9F46401FC9C093000E91B5 /* NSTConnectionService.swift in Sources */ = {isa = PBXBuildFile; fileRef = 9A9F463F1FC9C093000E91B5 /* NSTConnectionService.swift */; };
		9A9F46421FC9CAD9000E91B5 /* NSTMainTableViewController.swift in Sources */ = {isa = PBXBuildFile; fileRef = 9A9F46411FC9CAD9000E91B5 /* NSTMainTableViewController.swift */; };
		9A9F46441FC9CB28000E91B5 /* NSTAuthenticationService.swift in Sources */ = {isa = PBXBuildFile; fileRef = 9A9F46431FC9CB28000E91B5 /* NSTAuthenticationService.swift */; };
		9A9F46451FC9D6A0000E91B5 /* Alamofire.framework in Frameworks */ = {isa = PBXBuildFile; fileRef = 9AA5F71A1FC89730009DABB6 /* Alamofire.framework */; };
		9A9F46461FC9D6A0000E91B5 /* Alamofire.framework in Embed Frameworks */ = {isa = PBXBuildFile; fileRef = 9AA5F71A1FC89730009DABB6 /* Alamofire.framework */; settings = {ATTRIBUTES = (CodeSignOnCopy, RemoveHeadersOnCopy, ); }; };
		9AA5F6E41FC8963E009DABB6 /* AppDelegate.swift in Sources */ = {isa = PBXBuildFile; fileRef = 9AA5F6E31FC8963E009DABB6 /* AppDelegate.swift */; };
		9AA5F6E91FC8963E009DABB6 /* Main.storyboard in Resources */ = {isa = PBXBuildFile; fileRef = 9AA5F6E71FC8963E009DABB6 /* Main.storyboard */; };
		9AA5F6EB1FC8963E009DABB6 /* Assets.xcassets in Resources */ = {isa = PBXBuildFile; fileRef = 9AA5F6EA1FC8963E009DABB6 /* Assets.xcassets */; };
		9AA5F6EE1FC8963E009DABB6 /* LaunchScreen.storyboard in Resources */ = {isa = PBXBuildFile; fileRef = 9AA5F6EC1FC8963E009DABB6 /* LaunchScreen.storyboard */; };
		9AFEA0951FCAE65800C908BA /* Structure.swift in Sources */ = {isa = PBXBuildFile; fileRef = 9AFEA0941FCAE65800C908BA /* Structure.swift */; };
		9AFEA0971FCAE67700C908BA /* Thermostat.swift in Sources */ = {isa = PBXBuildFile; fileRef = 9AFEA0961FCAE67700C908BA /* Thermostat.swift */; };
		9AFEA0991FCAE69A00C908BA /* CurrentStructures.swift in Sources */ = {isa = PBXBuildFile; fileRef = 9AFEA0981FCAE69A00C908BA /* CurrentStructures.swift */; };
		9AFEA09B1FCAED7100C908BA /* Camera.swift in Sources */ = {isa = PBXBuildFile; fileRef = 9AFEA09A1FCAED7100C908BA /* Camera.swift */; };
		9AFEA09D1FCB25AD00C908BA /* NSTStructureViewController.swift in Sources */ = {isa = PBXBuildFile; fileRef = 9AFEA09C1FCB25AD00C908BA /* NSTStructureViewController.swift */; };
		9AFEA09F1FCB49DD00C908BA /* NSTCameraViewController.swift in Sources */ = {isa = PBXBuildFile; fileRef = 9AFEA09E1FCB49DD00C908BA /* NSTCameraViewController.swift */; };
/* End PBXBuildFile section */

/* Begin PBXContainerItemProxy section */
		9A9F46471FC9D6A0000E91B5 /* PBXContainerItemProxy */ = {
			isa = PBXContainerItemProxy;
			containerPortal = 9AA5F70E1FC89730009DABB6 /* Alamofire.xcodeproj */;
			proxyType = 1;
			remoteGlobalIDString = F8111E3219A95C8B0040E7D1;
			remoteInfo = "Alamofire iOS";
		};
		9AA5F7191FC89730009DABB6 /* PBXContainerItemProxy */ = {
			isa = PBXContainerItemProxy;
			containerPortal = 9AA5F70E1FC89730009DABB6 /* Alamofire.xcodeproj */;
			proxyType = 2;
			remoteGlobalIDString = F8111E3319A95C8B0040E7D1;
			remoteInfo = "Alamofire iOS";
		};
		9AA5F71B1FC89730009DABB6 /* PBXContainerItemProxy */ = {
			isa = PBXContainerItemProxy;
			containerPortal = 9AA5F70E1FC89730009DABB6 /* Alamofire.xcodeproj */;
			proxyType = 2;
			remoteGlobalIDString = F8111E3E19A95C8B0040E7D1;
			remoteInfo = "Alamofire iOS Tests";
		};
		9AA5F71D1FC89730009DABB6 /* PBXContainerItemProxy */ = {
			isa = PBXContainerItemProxy;
			containerPortal = 9AA5F70E1FC89730009DABB6 /* Alamofire.xcodeproj */;
			proxyType = 2;
			remoteGlobalIDString = 4DD67C0B1A5C55C900ED2280;
			remoteInfo = "Alamofire macOS";
		};
		9AA5F71F1FC89730009DABB6 /* PBXContainerItemProxy */ = {
			isa = PBXContainerItemProxy;
			containerPortal = 9AA5F70E1FC89730009DABB6 /* Alamofire.xcodeproj */;
			proxyType = 2;
			remoteGlobalIDString = F829C6B21A7A94F100A2CD59;
			remoteInfo = "Alamofire macOS Tests";
		};
		9AA5F7211FC89730009DABB6 /* PBXContainerItemProxy */ = {
			isa = PBXContainerItemProxy;
			containerPortal = 9AA5F70E1FC89730009DABB6 /* Alamofire.xcodeproj */;
			proxyType = 2;
			remoteGlobalIDString = 4CF626EF1BA7CB3E0011A099;
			remoteInfo = "Alamofire tvOS";
		};
		9AA5F7231FC89730009DABB6 /* PBXContainerItemProxy */ = {
			isa = PBXContainerItemProxy;
			containerPortal = 9AA5F70E1FC89730009DABB6 /* Alamofire.xcodeproj */;
			proxyType = 2;
			remoteGlobalIDString = 4CF626F81BA7CB3E0011A099;
			remoteInfo = "Alamofire tvOS Tests";
		};
		9AA5F7251FC89730009DABB6 /* PBXContainerItemProxy */ = {
			isa = PBXContainerItemProxy;
			containerPortal = 9AA5F70E1FC89730009DABB6 /* Alamofire.xcodeproj */;
			proxyType = 2;
			remoteGlobalIDString = E4202FE01B667AA100C997FB;
			remoteInfo = "Alamofire watchOS";
		};
/* End PBXContainerItemProxy section */

/* Begin PBXCopyFilesBuildPhase section */
		9A9F46491FC9D6A0000E91B5 /* Embed Frameworks */ = {
			isa = PBXCopyFilesBuildPhase;
			buildActionMask = 2147483647;
			dstPath = "";
			dstSubfolderSpec = 10;
			files = (
				9A9F46461FC9D6A0000E91B5 /* Alamofire.framework in Embed Frameworks */,
			);
			name = "Embed Frameworks";
			runOnlyForDeploymentPostprocessing = 0;
		};
/* End PBXCopyFilesBuildPhase section */

/* Begin PBXFileReference section */
		9A9F46371FC9B694000E91B5 /* NSTAuthenticationViewController.swift */ = {isa = PBXFileReference; lastKnownFileType = sourcecode.swift; path = NSTAuthenticationViewController.swift; sourceTree = "<group>"; };
		9A9F463A1FC9B6B2000E91B5 /* WebKit.framework */ = {isa = PBXFileReference; lastKnownFileType = wrapper.framework; name = WebKit.framework; path = System/Library/Frameworks/WebKit.framework; sourceTree = SDKROOT; };
		9A9F463D1FC9B8AA000E91B5 /* Constants.swift */ = {isa = PBXFileReference; lastKnownFileType = sourcecode.swift; path = Constants.swift; sourceTree = "<group>"; };
		9A9F463F1FC9C093000E91B5 /* NSTConnectionService.swift */ = {isa = PBXFileReference; lastKnownFileType = sourcecode.swift; path = NSTConnectionService.swift; sourceTree = "<group>"; };
		9A9F46411FC9CAD9000E91B5 /* NSTMainTableViewController.swift */ = {isa = PBXFileReference; lastKnownFileType = sourcecode.swift; path = NSTMainTableViewController.swift; sourceTree = "<group>"; };
		9A9F46431FC9CB28000E91B5 /* NSTAuthenticationService.swift */ = {isa = PBXFileReference; lastKnownFileType = sourcecode.swift; path = NSTAuthenticationService.swift; sourceTree = "<group>"; };
		9AA5F6E01FC8963E009DABB6 /* NestApp.app */ = {isa = PBXFileReference; explicitFileType = wrapper.application; includeInIndex = 0; path = NestApp.app; sourceTree = BUILT_PRODUCTS_DIR; };
		9AA5F6E31FC8963E009DABB6 /* AppDelegate.swift */ = {isa = PBXFileReference; lastKnownFileType = sourcecode.swift; path = AppDelegate.swift; sourceTree = "<group>"; };
		9AA5F6E81FC8963E009DABB6 /* Base */ = {isa = PBXFileReference; lastKnownFileType = file.storyboard; name = Base; path = Base.lproj/Main.storyboard; sourceTree = "<group>"; };
		9AA5F6EA1FC8963E009DABB6 /* Assets.xcassets */ = {isa = PBXFileReference; lastKnownFileType = folder.assetcatalog; path = Assets.xcassets; sourceTree = "<group>"; };
		9AA5F6ED1FC8963E009DABB6 /* Base */ = {isa = PBXFileReference; lastKnownFileType = file.storyboard; name = Base; path = Base.lproj/LaunchScreen.storyboard; sourceTree = "<group>"; };
		9AA5F6EF1FC8963E009DABB6 /* Info.plist */ = {isa = PBXFileReference; lastKnownFileType = text.plist.xml; path = Info.plist; sourceTree = "<group>"; };
		9AA5F70E1FC89730009DABB6 /* Alamofire.xcodeproj */ = {isa = PBXFileReference; lastKnownFileType = "wrapper.pb-project"; name = Alamofire.xcodeproj; path = ../Alamofire/Alamofire.xcodeproj; sourceTree = "<group>"; };
		9AFEA0941FCAE65800C908BA /* Structure.swift */ = {isa = PBXFileReference; lastKnownFileType = sourcecode.swift; path = Structure.swift; sourceTree = "<group>"; };
		9AFEA0961FCAE67700C908BA /* Thermostat.swift */ = {isa = PBXFileReference; lastKnownFileType = sourcecode.swift; path = Thermostat.swift; sourceTree = "<group>"; };
		9AFEA0981FCAE69A00C908BA /* CurrentStructures.swift */ = {isa = PBXFileReference; lastKnownFileType = sourcecode.swift; path = CurrentStructures.swift; sourceTree = "<group>"; };
		9AFEA09A1FCAED7100C908BA /* Camera.swift */ = {isa = PBXFileReference; lastKnownFileType = sourcecode.swift; path = Camera.swift; sourceTree = "<group>"; };
		9AFEA09C1FCB25AD00C908BA /* NSTStructureViewController.swift */ = {isa = PBXFileReference; lastKnownFileType = sourcecode.swift; path = NSTStructureViewController.swift; sourceTree = "<group>"; };
		9AFEA09E1FCB49DD00C908BA /* NSTCameraViewController.swift */ = {isa = PBXFileReference; lastKnownFileType = sourcecode.swift; path = NSTCameraViewController.swift; sourceTree = "<group>"; };
/* End PBXFileReference section */

/* Begin PBXFrameworksBuildPhase section */
		9AA5F6DD1FC8963E009DABB6 /* Frameworks */ = {
			isa = PBXFrameworksBuildPhase;
			buildActionMask = 2147483647;
			files = (
				9A9F463B1FC9B6B2000E91B5 /* WebKit.framework in Frameworks */,
				9A9F46451FC9D6A0000E91B5 /* Alamofire.framework in Frameworks */,
			);
			runOnlyForDeploymentPostprocessing = 0;
		};
/* End PBXFrameworksBuildPhase section */

/* Begin PBXGroup section */
		9A9F462F1FC9B5AE000E91B5 /* UI */ = {
			isa = PBXGroup;
			children = (
				9AA5F6E71FC8963E009DABB6 /* Main.storyboard */,
				9AA5F6EC1FC8963E009DABB6 /* LaunchScreen.storyboard */,
				9A9F46371FC9B694000E91B5 /* NSTAuthenticationViewController.swift */,
				9A9F46411FC9CAD9000E91B5 /* NSTMainTableViewController.swift */,
				9AFEA09C1FCB25AD00C908BA /* NSTStructureViewController.swift */,
				9AFEA09E1FCB49DD00C908BA /* NSTCameraViewController.swift */,
			);
			path = UI;
			sourceTree = "<group>";
		};
		9A9F46391FC9B6B2000E91B5 /* Frameworks */ = {
			isa = PBXGroup;
			children = (
				9A9F463A1FC9B6B2000E91B5 /* WebKit.framework */,
			);
			name = Frameworks;
			sourceTree = "<group>";
		};
		9A9F463C1FC9B89A000E91B5 /* Services */ = {
			isa = PBXGroup;
			children = (
				9A9F463D1FC9B8AA000E91B5 /* Constants.swift */,
				9A9F463F1FC9C093000E91B5 /* NSTConnectionService.swift */,
				9A9F46431FC9CB28000E91B5 /* NSTAuthenticationService.swift */,
			);
			path = Services;
			sourceTree = "<group>";
		};
		9AA5F6D71FC8963E009DABB6 = {
			isa = PBXGroup;
			children = (
				9AA5F70E1FC89730009DABB6 /* Alamofire.xcodeproj */,
				9AA5F6E21FC8963E009DABB6 /* NestApp */,
				9AA5F6E11FC8963E009DABB6 /* Products */,
				9A9F46391FC9B6B2000E91B5 /* Frameworks */,
			);
			sourceTree = "<group>";
		};
		9AA5F6E11FC8963E009DABB6 /* Products */ = {
			isa = PBXGroup;
			children = (
				9AA5F6E01FC8963E009DABB6 /* NestApp.app */,
			);
			name = Products;
			sourceTree = "<group>";
		};
		9AA5F6E21FC8963E009DABB6 /* NestApp */ = {
			isa = PBXGroup;
			children = (
				9AFEA08C1FCAE64500C908BA /* Data */,
				9A9F463C1FC9B89A000E91B5 /* Services */,
				9A9F462F1FC9B5AE000E91B5 /* UI */,
				9AA5F6E31FC8963E009DABB6 /* AppDelegate.swift */,
				9AA5F6EA1FC8963E009DABB6 /* Assets.xcassets */,
				9AA5F6EF1FC8963E009DABB6 /* Info.plist */,
			);
			path = NestApp;
			sourceTree = "<group>";
		};
		9AA5F70F1FC89730009DABB6 /* Products */ = {
			isa = PBXGroup;
			children = (
				9AA5F71A1FC89730009DABB6 /* Alamofire.framework */,
				9AA5F71C1FC89730009DABB6 /* Alamofire iOS Tests.xctest */,
				9AA5F71E1FC89730009DABB6 /* Alamofire.framework */,
				9AA5F7201FC89730009DABB6 /* Alamofire macOS Tests.xctest */,
				9AA5F7221FC89730009DABB6 /* Alamofire.framework */,
				9AA5F7241FC89730009DABB6 /* Alamofire tvOS Tests.xctest */,
				9AA5F7261FC89730009DABB6 /* Alamofire.framework */,
			);
			name = Products;
			sourceTree = "<group>";
		};
		9AFEA08C1FCAE64500C908BA /* Data */ = {
			isa = PBXGroup;
			children = (
				9AFEA09A1FCAED7100C908BA /* Camera.swift */,
				9AFEA0981FCAE69A00C908BA /* CurrentStructures.swift */,
				9AFEA0941FCAE65800C908BA /* Structure.swift */,
				9AFEA0961FCAE67700C908BA /* Thermostat.swift */,
			);
			path = Data;
			sourceTree = "<group>";
		};
/* End PBXGroup section */

/* Begin PBXNativeTarget section */
		9AA5F6DF1FC8963E009DABB6 /* NestApp */ = {
			isa = PBXNativeTarget;
			buildConfigurationList = 9AA5F6F21FC8963E009DABB6 /* Build configuration list for PBXNativeTarget "NestApp" */;
			buildPhases = (
				9AA5F6DC1FC8963E009DABB6 /* Sources */,
				9AA5F6DD1FC8963E009DABB6 /* Frameworks */,
				9AA5F6DE1FC8963E009DABB6 /* Resources */,
				9A9F46491FC9D6A0000E91B5 /* Embed Frameworks */,
			);
			buildRules = (
			);
			dependencies = (
				9A9F46481FC9D6A0000E91B5 /* PBXTargetDependency */,
			);
			name = NestApp;
			productName = NestApp;
			productReference = 9AA5F6E01FC8963E009DABB6 /* NestApp.app */;
			productType = "com.apple.product-type.application";
		};
/* End PBXNativeTarget section */

/* Begin PBXProject section */
		9AA5F6D81FC8963E009DABB6 /* Project object */ = {
			isa = PBXProject;
			attributes = {
				LastSwiftUpdateCheck = 0900;
				LastUpgradeCheck = 0900;
				ORGANIZATIONNAME = aak016;
				TargetAttributes = {
					9AA5F6DF1FC8963E009DABB6 = {
						CreatedOnToolsVersion = 9.0;
						ProvisioningStyle = Automatic;
					};
				};
			};
			buildConfigurationList = 9AA5F6DB1FC8963E009DABB6 /* Build configuration list for PBXProject "NestApp" */;
			compatibilityVersion = "Xcode 8.0";
			developmentRegion = en;
			hasScannedForEncodings = 0;
			knownRegions = (
				en,
				Base,
			);
			mainGroup = 9AA5F6D71FC8963E009DABB6;
			productRefGroup = 9AA5F6E11FC8963E009DABB6 /* Products */;
			projectDirPath = "";
			projectReferences = (
				{
					ProductGroup = 9AA5F70F1FC89730009DABB6 /* Products */;
					ProjectRef = 9AA5F70E1FC89730009DABB6 /* Alamofire.xcodeproj */;
				},
			);
			projectRoot = "";
			targets = (
				9AA5F6DF1FC8963E009DABB6 /* NestApp */,
			);
		};
/* End PBXProject section */

/* Begin PBXReferenceProxy section */
		9AA5F71A1FC89730009DABB6 /* Alamofire.framework */ = {
			isa = PBXReferenceProxy;
			fileType = wrapper.framework;
			path = Alamofire.framework;
			remoteRef = 9AA5F7191FC89730009DABB6 /* PBXContainerItemProxy */;
			sourceTree = BUILT_PRODUCTS_DIR;
		};
		9AA5F71C1FC89730009DABB6 /* Alamofire iOS Tests.xctest */ = {
			isa = PBXReferenceProxy;
			fileType = wrapper.cfbundle;
			path = "Alamofire iOS Tests.xctest";
			remoteRef = 9AA5F71B1FC89730009DABB6 /* PBXContainerItemProxy */;
			sourceTree = BUILT_PRODUCTS_DIR;
		};
		9AA5F71E1FC89730009DABB6 /* Alamofire.framework */ = {
			isa = PBXReferenceProxy;
			fileType = wrapper.framework;
			path = Alamofire.framework;
			remoteRef = 9AA5F71D1FC89730009DABB6 /* PBXContainerItemProxy */;
			sourceTree = BUILT_PRODUCTS_DIR;
		};
		9AA5F7201FC89730009DABB6 /* Alamofire macOS Tests.xctest */ = {
			isa = PBXReferenceProxy;
			fileType = wrapper.cfbundle;
			path = "Alamofire macOS Tests.xctest";
			remoteRef = 9AA5F71F1FC89730009DABB6 /* PBXContainerItemProxy */;
			sourceTree = BUILT_PRODUCTS_DIR;
		};
		9AA5F7221FC89730009DABB6 /* Alamofire.framework */ = {
			isa = PBXReferenceProxy;
			fileType = wrapper.framework;
			path = Alamofire.framework;
			remoteRef = 9AA5F7211FC89730009DABB6 /* PBXContainerItemProxy */;
			sourceTree = BUILT_PRODUCTS_DIR;
		};
		9AA5F7241FC89730009DABB6 /* Alamofire tvOS Tests.xctest */ = {
			isa = PBXReferenceProxy;
			fileType = wrapper.cfbundle;
			path = "Alamofire tvOS Tests.xctest";
			remoteRef = 9AA5F7231FC89730009DABB6 /* PBXContainerItemProxy */;
			sourceTree = BUILT_PRODUCTS_DIR;
		};
		9AA5F7261FC89730009DABB6 /* Alamofire.framework */ = {
			isa = PBXReferenceProxy;
			fileType = wrapper.framework;
			path = Alamofire.framework;
			remoteRef = 9AA5F7251FC89730009DABB6 /* PBXContainerItemProxy */;
			sourceTree = BUILT_PRODUCTS_DIR;
		};
/* End PBXReferenceProxy section */

/* Begin PBXResourcesBuildPhase section */
		9AA5F6DE1FC8963E009DABB6 /* Resources */ = {
			isa = PBXResourcesBuildPhase;
			buildActionMask = 2147483647;
			files = (
				9AA5F6EE1FC8963E009DABB6 /* LaunchScreen.storyboard in Resources */,
				9AA5F6EB1FC8963E009DABB6 /* Assets.xcassets in Resources */,
				9AA5F6E91FC8963E009DABB6 /* Main.storyboard in Resources */,
			);
			runOnlyForDeploymentPostprocessing = 0;
		};
/* End PBXResourcesBuildPhase section */

/* Begin PBXSourcesBuildPhase section */
		9AA5F6DC1FC8963E009DABB6 /* Sources */ = {
			isa = PBXSourcesBuildPhase;
			buildActionMask = 2147483647;
			files = (
				9A9F46421FC9CAD9000E91B5 /* NSTMainTableViewController.swift in Sources */,
				9AFEA09F1FCB49DD00C908BA /* NSTCameraViewController.swift in Sources */,
				9A9F46441FC9CB28000E91B5 /* NSTAuthenticationService.swift in Sources */,
				9AFEA09D1FCB25AD00C908BA /* NSTStructureViewController.swift in Sources */,
				9AFEA0991FCAE69A00C908BA /* CurrentStructures.swift in Sources */,
				9A9F46381FC9B694000E91B5 /* NSTAuthenticationViewController.swift in Sources */,
				9AA5F6E41FC8963E009DABB6 /* AppDelegate.swift in Sources */,
				9A9F463E1FC9B8AA000E91B5 /* Constants.swift in Sources */,
				9AFEA09B1FCAED7100C908BA /* Camera.swift in Sources */,
				9AFEA0951FCAE65800C908BA /* Structure.swift in Sources */,
				9AFEA0971FCAE67700C908BA /* Thermostat.swift in Sources */,
				9A9F46401FC9C093000E91B5 /* NSTConnectionService.swift in Sources */,
			);
			runOnlyForDeploymentPostprocessing = 0;
		};
/* End PBXSourcesBuildPhase section */

/* Begin PBXTargetDependency section */
		9A9F46481FC9D6A0000E91B5 /* PBXTargetDependency */ = {
			isa = PBXTargetDependency;
			name = "Alamofire iOS";
			targetProxy = 9A9F46471FC9D6A0000E91B5 /* PBXContainerItemProxy */;
		};
/* End PBXTargetDependency section */

/* Begin PBXVariantGroup section */
		9AA5F6E71FC8963E009DABB6 /* Main.storyboard */ = {
			isa = PBXVariantGroup;
			children = (
				9AA5F6E81FC8963E009DABB6 /* Base */,
			);
			name = Main.storyboard;
			sourceTree = "<group>";
		};
		9AA5F6EC1FC8963E009DABB6 /* LaunchScreen.storyboard */ = {
			isa = PBXVariantGroup;
			children = (
				9AA5F6ED1FC8963E009DABB6 /* Base */,
			);
			name = LaunchScreen.storyboard;
			sourceTree = "<group>";
		};
/* End PBXVariantGroup section */

/* Begin XCBuildConfiguration section */
		9AA5F6F01FC8963E009DABB6 /* Debug */ = {
			isa = XCBuildConfiguration;
			buildSettings = {
				ALWAYS_SEARCH_USER_PATHS = NO;
				CLANG_ANALYZER_NONNULL = YES;
				CLANG_ANALYZER_NUMBER_OBJECT_CONVERSION = YES_AGGRESSIVE;
				CLANG_CXX_LANGUAGE_STANDARD = "gnu++14";
				CLANG_CXX_LIBRARY = "libc++";
				CLANG_ENABLE_MODULES = YES;
				CLANG_ENABLE_OBJC_ARC = YES;
				CLANG_WARN_BLOCK_CAPTURE_AUTORELEASING = YES;
				CLANG_WARN_BOOL_CONVERSION = YES;
				CLANG_WARN_COMMA = YES;
				CLANG_WARN_CONSTANT_CONVERSION = YES;
				CLANG_WARN_DIRECT_OBJC_ISA_USAGE = YES_ERROR;
				CLANG_WARN_DOCUMENTATION_COMMENTS = YES;
				CLANG_WARN_EMPTY_BODY = YES;
				CLANG_WARN_ENUM_CONVERSION = YES;
				CLANG_WARN_INFINITE_RECURSION = YES;
				CLANG_WARN_INT_CONVERSION = YES;
				CLANG_WARN_NON_LITERAL_NULL_CONVERSION = YES;
				CLANG_WARN_OBJC_LITERAL_CONVERSION = YES;
				CLANG_WARN_OBJC_ROOT_CLASS = YES_ERROR;
				CLANG_WARN_RANGE_LOOP_ANALYSIS = YES;
				CLANG_WARN_STRICT_PROTOTYPES = YES;
				CLANG_WARN_SUSPICIOUS_MOVE = YES;
				CLANG_WARN_UNGUARDED_AVAILABILITY = YES_AGGRESSIVE;
				CLANG_WARN_UNREACHABLE_CODE = YES;
				CLANG_WARN__DUPLICATE_METHOD_MATCH = YES;
				CODE_SIGN_IDENTITY = "iPhone Developer";
				COPY_PHASE_STRIP = NO;
				DEBUG_INFORMATION_FORMAT = dwarf;
				ENABLE_STRICT_OBJC_MSGSEND = YES;
				ENABLE_TESTABILITY = YES;
				GCC_C_LANGUAGE_STANDARD = gnu11;
				GCC_DYNAMIC_NO_PIC = NO;
				GCC_NO_COMMON_BLOCKS = YES;
				GCC_OPTIMIZATION_LEVEL = 0;
				GCC_PREPROCESSOR_DEFINITIONS = (
					"DEBUG=1",
					"$(inherited)",
				);
				GCC_WARN_64_TO_32_BIT_CONVERSION = YES;
				GCC_WARN_ABOUT_RETURN_TYPE = YES_ERROR;
				GCC_WARN_UNDECLARED_SELECTOR = YES;
				GCC_WARN_UNINITIALIZED_AUTOS = YES_AGGRESSIVE;
				GCC_WARN_UNUSED_FUNCTION = YES;
				GCC_WARN_UNUSED_VARIABLE = YES;
				IPHONEOS_DEPLOYMENT_TARGET = 11.0;
				MTL_ENABLE_DEBUG_INFO = YES;
				ONLY_ACTIVE_ARCH = YES;
				SDKROOT = iphoneos;
				SWIFT_ACTIVE_COMPILATION_CONDITIONS = DEBUG;
				SWIFT_OPTIMIZATION_LEVEL = "-Onone";
			};
			name = Debug;
		};
		9AA5F6F11FC8963E009DABB6 /* Release */ = {
			isa = XCBuildConfiguration;
			buildSettings = {
				ALWAYS_SEARCH_USER_PATHS = NO;
				CLANG_ANALYZER_NONNULL = YES;
				CLANG_ANALYZER_NUMBER_OBJECT_CONVERSION = YES_AGGRESSIVE;
				CLANG_CXX_LANGUAGE_STANDARD = "gnu++14";
				CLANG_CXX_LIBRARY = "libc++";
				CLANG_ENABLE_MODULES = YES;
				CLANG_ENABLE_OBJC_ARC = YES;
				CLANG_WARN_BLOCK_CAPTURE_AUTORELEASING = YES;
				CLANG_WARN_BOOL_CONVERSION = YES;
				CLANG_WARN_COMMA = YES;
				CLANG_WARN_CONSTANT_CONVERSION = YES;
				CLANG_WARN_DIRECT_OBJC_ISA_USAGE = YES_ERROR;
				CLANG_WARN_DOCUMENTATION_COMMENTS = YES;
				CLANG_WARN_EMPTY_BODY = YES;
				CLANG_WARN_ENUM_CONVERSION = YES;
				CLANG_WARN_INFINITE_RECURSION = YES;
				CLANG_WARN_INT_CONVERSION = YES;
				CLANG_WARN_NON_LITERAL_NULL_CONVERSION = YES;
				CLANG_WARN_OBJC_LITERAL_CONVERSION = YES;
				CLANG_WARN_OBJC_ROOT_CLASS = YES_ERROR;
				CLANG_WARN_RANGE_LOOP_ANALYSIS = YES;
				CLANG_WARN_STRICT_PROTOTYPES = YES;
				CLANG_WARN_SUSPICIOUS_MOVE = YES;
				CLANG_WARN_UNGUARDED_AVAILABILITY = YES_AGGRESSIVE;
				CLANG_WARN_UNREACHABLE_CODE = YES;
				CLANG_WARN__DUPLICATE_METHOD_MATCH = YES;
				CODE_SIGN_IDENTITY = "iPhone Developer";
				COPY_PHASE_STRIP = NO;
				DEBUG_INFORMATION_FORMAT = "dwarf-with-dsym";
				ENABLE_NS_ASSERTIONS = NO;
				ENABLE_STRICT_OBJC_MSGSEND = YES;
				GCC_C_LANGUAGE_STANDARD = gnu11;
				GCC_NO_COMMON_BLOCKS = YES;
				GCC_WARN_64_TO_32_BIT_CONVERSION = YES;
				GCC_WARN_ABOUT_RETURN_TYPE = YES_ERROR;
				GCC_WARN_UNDECLARED_SELECTOR = YES;
				GCC_WARN_UNINITIALIZED_AUTOS = YES_AGGRESSIVE;
				GCC_WARN_UNUSED_FUNCTION = YES;
				GCC_WARN_UNUSED_VARIABLE = YES;
				IPHONEOS_DEPLOYMENT_TARGET = 11.0;
				MTL_ENABLE_DEBUG_INFO = NO;
				SDKROOT = iphoneos;
				SWIFT_OPTIMIZATION_LEVEL = "-Owholemodule";
				VALIDATE_PRODUCT = YES;
			};
			name = Release;
		};
		9AA5F6F31FC8963E009DABB6 /* Debug */ = {
			isa = XCBuildConfiguration;
			buildSettings = {
				ALWAYS_EMBED_SWIFT_STANDARD_LIBRARIES = YES;
				ASSETCATALOG_COMPILER_APPICON_NAME = AppIcon;
				CODE_SIGN_STYLE = Automatic;
				DEVELOPMENT_TEAM = FHB4C662HP;
				INFOPLIST_FILE = NestApp/Info.plist;
				LD_RUNPATH_SEARCH_PATHS = "$(inherited) @executable_path/Frameworks";
				PRODUCT_BUNDLE_IDENTIFIER = com.aak016.NestApp;
				PRODUCT_NAME = "$(TARGET_NAME)";
				SWIFT_VERSION = 4.0;
				TARGETED_DEVICE_FAMILY = "1,2";
			};
			name = Debug;
		};
		9AA5F6F41FC8963E009DABB6 /* Release */ = {
			isa = XCBuildConfiguration;
			buildSettings = {
				ALWAYS_EMBED_SWIFT_STANDARD_LIBRARIES = YES;
				ASSETCATALOG_COMPILER_APPICON_NAME = AppIcon;
				CODE_SIGN_STYLE = Automatic;
				DEVELOPMENT_TEAM = FHB4C662HP;
				INFOPLIST_FILE = NestApp/Info.plist;
				LD_RUNPATH_SEARCH_PATHS = "$(inherited) @executable_path/Frameworks";
				PRODUCT_BUNDLE_IDENTIFIER = com.aak016.NestApp;
				PRODUCT_NAME = "$(TARGET_NAME)";
				SWIFT_VERSION = 4.0;
				TARGETED_DEVICE_FAMILY = "1,2";
			};
			name = Release;
		};
/* End XCBuildConfiguration section */

/* Begin XCConfigurationList section */
		9AA5F6DB1FC8963E009DABB6 /* Build configuration list for PBXProject "NestApp" */ = {
			isa = XCConfigurationList;
			buildConfigurations = (
				9AA5F6F01FC8963E009DABB6 /* Debug */,
				9AA5F6F11FC8963E009DABB6 /* Release */,
			);
			defaultConfigurationIsVisible = 0;
			defaultConfigurationName = Release;
		};
		9AA5F6F21FC8963E009DABB6 /* Build configuration list for PBXNativeTarget "NestApp" */ = {
			isa = XCConfigurationList;
			buildConfigurations = (
				9AA5F6F31FC8963E009DABB6 /* Debug */,
				9AA5F6F41FC8963E009DABB6 /* Release */,
			);
			defaultConfigurationIsVisible = 0;
			defaultConfigurationName = Release;
		};
/* End XCConfigurationList section */
	};
	rootObject = 9AA5F6D81FC8963E009DABB6 /* Project object */;
}
